{
  "requires": true,
  "lockfileVersion": 1,
  "dependencies": {
    "sql-query": {
      "version": "0.1.27",
      "resolved": "https://registry.npmjs.org/sql-query/-/sql-query-0.1.27.tgz",
      "integrity": "sha512-XXK6W6n0D18YspS/7TziKln8ij9RUnpDzl+qr2hUOqEqrhuilGPhbKBYQ1dkfYoQ0ViNtr2y8RKut06nkAkx2w=="
    }
  }
}
