{
  "requires": true,
  "lockfileVersion": 1,
  "dependencies": {
    "vue-click-outside": {
      "version": "1.1.0",
      "resolved": "https://registry.npmjs.org/vue-click-outside/-/vue-click-outside-1.1.0.tgz",
      "integrity": "sha512-pNyvAA9mRXJwPHlHJyjMb4IONSc7khS5lxGcMyE2EIKgNMAO279PWM9Hyq0d5J4FkiSRdmFLwnbjDd5UtPizHQ=="
    },
    "vuepress-theme-yuu": {
      "version": "2.2.1",
      "resolved": "https://registry.npmjs.org/vuepress-theme-yuu/-/vuepress-theme-yuu-2.2.1.tgz",
      "integrity": "sha512-3E6mGo0HEmTROnLXF2Tjju+dROyfPn1D8sW+LTLGpGNfo0dxAqT/SfWUUhEm+W4T2iZmSCNoZxosUxGFD4mc0Q==",
      "requires": {
        "vue-click-outside": "^1.0.7"
      }
    }
  }
}
